
Microsoft Visual Studio Solution File, Format Version 12.00
# Visual Studio Version 16
VisualStudioVersion = 16.0.29613.14
MinimumVisualStudioVersion = 10.0.40219.1
Project("{FAE04EC0-301F-11D3-BF4B-00C04F79EFBC}") = "Calculator", "Calculator\Calculator.csproj", "{66E7FB3C-6A65-4A09-A9BA-974F91D04BBA}"
EndProject
Project("{FAE04EC0-301F-11D3-BF4B-00C04F79EFBC}") = "CalculatorTests", "CalculatorTests\CalculatorTests.csproj", "{4DB921E1-1C84-4185-8273-D696C56C1FD9}"
EndProject
Global
	GlobalSection(SolutionConfigurationPlatforms) = preSolution
		Debug|Any CPU = Debug|Any CPU
		Release|Any CPU = Release|Any CPU
	EndGlobalSection
	GlobalSection(ProjectConfigurationPlatforms) = postSolution
		{66E7FB3C-6A65-4A09-A9BA-974F91D04BBA}.Debug|Any CPU.ActiveCfg = Debug|Any CPU
		{66E7FB3C-6A65-4A09-A9BA-974F91D04BBA}.Debug|Any CPU.Build.0 = Debug|Any CPU
		{66E7FB3C-6A65-4A09-A9BA-974F91D04BBA}.Release|Any CPU.ActiveCfg = Release|Any CPU
		{66E7FB3C-6A65-4A09-A9BA-974F91D04BBA}.Release|Any CPU.Build.0 = Release|Any CPU
		{4DB921E1-1C84-4185-8273-D696C56C1FD9}.Debug|Any CPU.ActiveCfg = Debug|Any CPU
		{4DB921E1-1C84-4185-8273-D696C56C1FD9}.Debug|Any CPU.Build.0 = Debug|Any CPU
		{4DB921E1-1C84-4185-8273-D696C56C1FD9}.Release|Any CPU.ActiveCfg = Release|Any CPU
		{4DB921E1-1C84-4185-8273-D696C56C1FD9}.Release|Any CPU.Build.0 = Release|Any CPU
	EndGlobalSection
	GlobalSection(SolutionProperties) = preSolution
		HideSolutionNode = FALSE
	EndGlobalSection
	GlobalSection(ExtensibilityGlobals) = postSolution
		SolutionGuid = {24E40220-72E2-47BD-8F30-295A1C12C213}
	EndGlobalSection
EndGlobal
